
Microsoft Visual Studio Solution File, Format Version 12.00
# Visual Studio Version 17
VisualStudioVersion = 17.4.33213.308
MinimumVisualStudioVersion = 10.0.40219.1
Project("{FAE04EC0-301F-11D3-BF4B-00C04F79EFBC}") = "BethanysPieShopHRM.App", "BethanysPieShopHRM.App\BethanysPieShopHRM.App.csproj", "{FE1DF738-ED15-4B97-BEEC-023CD2378FCD}"
EndProject
Global
	GlobalSection(SolutionConfigurationPlatforms) = preSolution
		Debug|Any CPU = Debug|Any CPU
		Release|Any CPU = Release|Any CPU
	EndGlobalSection
	GlobalSection(ProjectConfigurationPlatforms) = postSolution
		{FE1DF738-ED15-4B97-BEEC-023CD2378FCD}.Debug|Any CPU.ActiveCfg = Debug|Any CPU
		{FE1DF738-ED15-4B97-BEEC-023CD2378FCD}.Debug|Any CPU.Build.0 = Debug|Any CPU
		{FE1DF738-ED15-4B97-BEEC-023CD2378FCD}.Release|Any CPU.ActiveCfg = Release|Any CPU
		{FE1DF738-ED15-4B97-BEEC-023CD2378FCD}.Release|Any CPU.Build.0 = Release|Any CPU
	EndGlobalSection
	GlobalSection(SolutionProperties) = preSolution
		HideSolutionNode = FALSE
	EndGlobalSection
	GlobalSection(ExtensibilityGlobals) = postSolution
		SolutionGuid = {40762301-EB62-4982-9BE9-03F94E477C66}
	EndGlobalSection
EndGlobal
